// !$*UTF8*$!
{
	archiveVersion = 1;
	classes = {
	};
	objectVersion = 50;
	objects = {

/* Begin PBXBuildFile section */
		3148DE6324C5F9F8009F802C /* wahoo.txt in Resources */ = {isa = PBXBuildFile; fileRef = 3148DE6224C5F9F7009F802C /* wahoo.txt */; };
		3148DE6724CB3258009F802C /* wahooconnected.txt in Resources */ = {isa = PBXBuildFile; fileRef = 3148DE6624CB3258009F802C /* wahooconnected.txt */; };
		314A3BD024D0E0B500D38AC1 /* FaveroConnection.txt in Resources */ = {isa = PBXBuildFile; fileRef = 314A3BCF24D0E0B500D38AC1 /* FaveroConnection.txt */; };
		314A3BD824D3A8B400D38AC1 /* GraphView.swift in Sources */ = {isa = PBXBuildFile; fileRef = 314A3BD724D3A8B400D38AC1 /* GraphView.swift */; };
		314A3C0124E0909A00D38AC1 /* PowerData.swift in Sources */ = {isa = PBXBuildFile; fileRef = 314A3BFE24E08BCB00D38AC1 /* PowerData.swift */; };
		314A3C0624E46DB900D38AC1 /* DeviceList.swift in Sources */ = {isa = PBXBuildFile; fileRef = 3148DE6424C61E41009F802C /* DeviceList.swift */; };
		314A3C0824E4776A00D38AC1 /* SceneDelegate.swift in Sources */ = {isa = PBXBuildFile; fileRef = 31B3737224B672D200D1289C /* SceneDelegate.swift */; };
		314A3C0924E4840E00D38AC1 /* PowerView.swift in Sources */ = {isa = PBXBuildFile; fileRef = 31B3737424B672D200D1289C /* PowerView.swift */; };
		3187252524BCF3D0001E2A2F /* Bluetooth.swift in Sources */ = {isa = PBXBuildFile; fileRef = 3187252424BCF3D0001E2A2F /* Bluetooth.swift */; };
		31B3737124B672D200D1289C /* AppDelegate.swift in Sources */ = {isa = PBXBuildFile; fileRef = 31B3737024B672D200D1289C /* AppDelegate.swift */; };
		31B3737724B672D400D1289C /* Assets.xcassets in Resources */ = {isa = PBXBuildFile; fileRef = 31B3737624B672D400D1289C /* Assets.xcassets */; };
		31B3737A24B672D400D1289C /* Preview Assets.xcassets in Resources */ = {isa = PBXBuildFile; fileRef = 31B3737924B672D400D1289C /* Preview Assets.xcassets */; };
		31B3737D24B672D400D1289C /* LaunchScreen.storyboard in Resources */ = {isa = PBXBuildFile; fileRef = 31B3737B24B672D400D1289C /* LaunchScreen.storyboard */; };
		31B3738824B7827500D1289C /* DataBox.swift in Sources */ = {isa = PBXBuildFile; fileRef = 31B3738724B7827500D1289C /* DataBox.swift */; };
/* End PBXBuildFile section */

/* Begin PBXFileReference section */
		3148DE6224C5F9F7009F802C /* wahoo.txt */ = {isa = PBXFileReference; lastKnownFileType = text; path = wahoo.txt; sourceTree = "<group>"; };
		3148DE6424C61E41009F802C /* DeviceList.swift */ = {isa = PBXFileReference; lastKnownFileType = sourcecode.swift; path = DeviceList.swift; sourceTree = "<group>"; };
		3148DE6624CB3258009F802C /* wahooconnected.txt */ = {isa = PBXFileReference; lastKnownFileType = text; path = wahooconnected.txt; sourceTree = "<group>"; };
		314A3BCF24D0E0B500D38AC1 /* FaveroConnection.txt */ = {isa = PBXFileReference; lastKnownFileType = text; path = FaveroConnection.txt; sourceTree = "<group>"; };
		314A3BD724D3A8B400D38AC1 /* GraphView.swift */ = {isa = PBXFileReference; lastKnownFileType = sourcecode.swift; path = GraphView.swift; sourceTree = "<group>"; };
		314A3BFE24E08BCB00D38AC1 /* PowerData.swift */ = {isa = PBXFileReference; lastKnownFileType = sourcecode.swift; path = PowerData.swift; sourceTree = "<group>"; };
		3187252424BCF3D0001E2A2F /* Bluetooth.swift */ = {isa = PBXFileReference; lastKnownFileType = sourcecode.swift; path = Bluetooth.swift; sourceTree = "<group>"; };
		31B3736D24B672D200D1289C /* WahooCompare.app */ = {isa = PBXFileReference; explicitFileType = wrapper.application; includeInIndex = 0; path = WahooCompare.app; sourceTree = BUILT_PRODUCTS_DIR; };
		31B3737024B672D200D1289C /* AppDelegate.swift */ = {isa = PBXFileReference; lastKnownFileType = sourcecode.swift; path = AppDelegate.swift; sourceTree = "<group>"; };
		31B3737224B672D200D1289C /* SceneDelegate.swift */ = {isa = PBXFileReference; lastKnownFileType = sourcecode.swift; path = SceneDelegate.swift; sourceTree = "<group>"; };
		31B3737424B672D200D1289C /* PowerView.swift */ = {isa = PBXFileReference; lastKnownFileType = sourcecode.swift; path = PowerView.swift; sourceTree = "<group>"; };
		31B3737624B672D400D1289C /* Assets.xcassets */ = {isa = PBXFileReference; lastKnownFileType = folder.assetcatalog; path = Assets.xcassets; sourceTree = "<group>"; };
		31B3737924B672D400D1289C /* Preview Assets.xcassets */ = {isa = PBXFileReference; lastKnownFileType = folder.assetcatalog; path = "Preview Assets.xcassets"; sourceTree = "<group>"; };
		31B3737C24B672D400D1289C /* Base */ = {isa = PBXFileReference; lastKnownFileType = file.storyboard; name = Base; path = Base.lproj/LaunchScreen.storyboard; sourceTree = "<group>"; };
		31B3737E24B672D400D1289C /* Info.plist */ = {isa = PBXFileReference; lastKnownFileType = text.plist.xml; path = Info.plist; sourceTree = "<group>"; };
		31B3738724B7827500D1289C /* DataBox.swift */ = {isa = PBXFileReference; lastKnownFileType = sourcecode.swift; path = DataBox.swift; sourceTree = "<group>"; };
/* End PBXFileReference section */

/* Begin PBXFrameworksBuildPhase section */
		31B3736A24B672D200D1289C /* Frameworks */ = {
			isa = PBXFrameworksBuildPhase;
			buildActionMask = 2147483647;
			files = (
			);
			runOnlyForDeploymentPostprocessing = 0;
		};
/* End PBXFrameworksBuildPhase section */

/* Begin PBXGroup section */
		314A3BFD24E08BB200D38AC1 /* Supporting */ = {
			isa = PBXGroup;
			children = (
				314A3BFE24E08BCB00D38AC1 /* PowerData.swift */,
			);
			path = Supporting;
			sourceTree = "<group>";
		};
		31B3736424B672D200D1289C = {
			isa = PBXGroup;
			children = (
				31B3736F24B672D200D1289C /* WahooCompare */,
				31B3736E24B672D200D1289C /* Products */,
			);
			sourceTree = "<group>";
		};
		31B3736E24B672D200D1289C /* Products */ = {
			isa = PBXGroup;
			children = (
				31B3736D24B672D200D1289C /* WahooCompare.app */,
			);
			name = Products;
			sourceTree = "<group>";
		};
		31B3736F24B672D200D1289C /* WahooCompare */ = {
			isa = PBXGroup;
			children = (
				314A3BFD24E08BB200D38AC1 /* Supporting */,
				31B3738424B7823B00D1289C /* Supporting Views */,
				31B3737024B672D200D1289C /* AppDelegate.swift */,
				31B3737224B672D200D1289C /* SceneDelegate.swift */,
				31B3737424B672D200D1289C /* PowerView.swift */,
				3187252424BCF3D0001E2A2F /* Bluetooth.swift */,
				3148DE6224C5F9F7009F802C /* wahoo.txt */,
				3148DE6624CB3258009F802C /* wahooconnected.txt */,
				314A3BCF24D0E0B500D38AC1 /* FaveroConnection.txt */,
				31B3737624B672D400D1289C /* Assets.xcassets */,
				31B3737B24B672D400D1289C /* LaunchScreen.storyboard */,
				31B3737E24B672D400D1289C /* Info.plist */,
				31B3737824B672D400D1289C /* Preview Content */,
			);
			path = WahooCompare;
			sourceTree = "<group>";
		};
		31B3737824B672D400D1289C /* Preview Content */ = {
			isa = PBXGroup;
			children = (
				31B3737924B672D400D1289C /* Preview Assets.xcassets */,
			);
			path = "Preview Content";
			sourceTree = "<group>";
		};
		31B3738424B7823B00D1289C /* Supporting Views */ = {
			isa = PBXGroup;
			children = (
				31B3738724B7827500D1289C /* DataBox.swift */,
				3148DE6424C61E41009F802C /* DeviceList.swift */,
				314A3BD724D3A8B400D38AC1 /* GraphView.swift */,
			);
			path = "Supporting Views";
			sourceTree = "<group>";
		};
/* End PBXGroup section */

/* Begin PBXNativeTarget section */
		31B3736C24B672D200D1289C /* WahooCompare */ = {
			isa = PBXNativeTarget;
			buildConfigurationList = 31B3738124B672D400D1289C /* Build configuration list for PBXNativeTarget "WahooCompare" */;
			buildPhases = (
				31B3736924B672D200D1289C /* Sources */,
				31B3736A24B672D200D1289C /* Frameworks */,
				31B3736B24B672D200D1289C /* Resources */,
			);
			buildRules = (
			);
			dependencies = (
			);
			name = WahooCompare;
			productName = WahooCompare;
			productReference = 31B3736D24B672D200D1289C /* WahooCompare.app */;
			productType = "com.apple.product-type.application";
		};
/* End PBXNativeTarget section */

/* Begin PBXProject section */
		31B3736524B672D200D1289C /* Project object */ = {
			isa = PBXProject;
			attributes = {
				LastSwiftUpdateCheck = 1150;
				LastUpgradeCheck = 1150;
				ORGANIZATIONNAME = "Jason Hoffman";
				TargetAttributes = {
					31B3736C24B672D200D1289C = {
						CreatedOnToolsVersion = 11.5;
					};
				};
			};
			buildConfigurationList = 31B3736824B672D200D1289C /* Build configuration list for PBXProject "WahooCompare" */;
			compatibilityVersion = "Xcode 9.3";
			developmentRegion = en;
			hasScannedForEncodings = 0;
			knownRegions = (
				en,
				Base,
			);
			mainGroup = 31B3736424B672D200D1289C;
			productRefGroup = 31B3736E24B672D200D1289C /* Products */;
			projectDirPath = "";
			projectRoot = "";
			targets = (
				31B3736C24B672D200D1289C /* WahooCompare */,
			);
		};
/* End PBXProject section */

/* Begin PBXResourcesBuildPhase section */
		31B3736B24B672D200D1289C /* Resources */ = {
			isa = PBXResourcesBuildPhase;
			buildActionMask = 2147483647;
			files = (
				3148DE6724CB3258009F802C /* wahooconnected.txt in Resources */,
				314A3BD024D0E0B500D38AC1 /* FaveroConnection.txt in Resources */,
				31B3737D24B672D400D1289C /* LaunchScreen.storyboard in Resources */,
				3148DE6324C5F9F8009F802C /* wahoo.txt in Resources */,
				31B3737A24B672D400D1289C /* Preview Assets.xcassets in Resources */,
				31B3737724B672D400D1289C /* Assets.xcassets in Resources */,
			);
			runOnlyForDeploymentPostprocessing = 0;
		};
/* End PBXResourcesBuildPhase section */

/* Begin PBXSourcesBuildPhase section */
		31B3736924B672D200D1289C /* Sources */ = {
			isa = PBXSourcesBuildPhase;
			buildActionMask = 2147483647;
			files = (
				31B3737124B672D200D1289C /* AppDelegate.swift in Sources */,
				314A3C0124E0909A00D38AC1 /* PowerData.swift in Sources */,
				314A3C0924E4840E00D38AC1 /* PowerView.swift in Sources */,
				3187252524BCF3D0001E2A2F /* Bluetooth.swift in Sources */,
				314A3BD824D3A8B400D38AC1 /* GraphView.swift in Sources */,
				31B3738824B7827500D1289C /* DataBox.swift in Sources */,
				314A3C0624E46DB900D38AC1 /* DeviceList.swift in Sources */,
				314A3C0824E4776A00D38AC1 /* SceneDelegate.swift in Sources */,
			);
			runOnlyForDeploymentPostprocessing = 0;
		};
/* End PBXSourcesBuildPhase section */

/* Begin PBXVariantGroup section */
		31B3737B24B672D400D1289C /* LaunchScreen.storyboard */ = {
			isa = PBXVariantGroup;
			children = (
				31B3737C24B672D400D1289C /* Base */,
			);
			name = LaunchScreen.storyboard;
			sourceTree = "<group>";
		};
/* End PBXVariantGroup section */

/* Begin XCBuildConfiguration section */
		31B3737F24B672D400D1289C /* Debug */ = {
			isa = XCBuildConfiguration;
			buildSettings = {
				ALWAYS_SEARCH_USER_PATHS = NO;
				CLANG_ANALYZER_NONNULL = YES;
				CLANG_ANALYZER_NUMBER_OBJECT_CONVERSION = YES_AGGRESSIVE;
				CLANG_CXX_LANGUAGE_STANDARD = "gnu++14";
				CLANG_CXX_LIBRARY = "libc++";
				CLANG_ENABLE_MODULES = YES;
				CLANG_ENABLE_OBJC_ARC = YES;
				CLANG_ENABLE_OBJC_WEAK = YES;
				CLANG_WARN_BLOCK_CAPTURE_AUTORELEASING = YES;
				CLANG_WARN_BOOL_CONVERSION = YES;
				CLANG_WARN_COMMA = YES;
				CLANG_WARN_CONSTANT_CONVERSION = YES;
				CLANG_WARN_DEPRECATED_OBJC_IMPLEMENTATIONS = YES;
				CLANG_WARN_DIRECT_OBJC_ISA_USAGE = YES_ERROR;
				CLANG_WARN_DOCUMENTATION_COMMENTS = YES;
				CLANG_WARN_EMPTY_BODY = YES;
				CLANG_WARN_ENUM_CONVERSION = YES;
				CLANG_WARN_INFINITE_RECURSION = YES;
				CLANG_WARN_INT_CONVERSION = YES;
				CLANG_WARN_NON_LITERAL_NULL_CONVERSION = YES;
				CLANG_WARN_OBJC_IMPLICIT_RETAIN_SELF = YES;
				CLANG_WARN_OBJC_LITERAL_CONVERSION = YES;
				CLANG_WARN_OBJC_ROOT_CLASS = YES_ERROR;
				CLANG_WARN_RANGE_LOOP_ANALYSIS = YES;
				CLANG_WARN_STRICT_PROTOTYPES = YES;
				CLANG_WARN_SUSPICIOUS_MOVE = YES;
				CLANG_WARN_UNGUARDED_AVAILABILITY = YES_AGGRESSIVE;
				CLANG_WARN_UNREACHABLE_CODE = YES;
				CLANG_WARN__DUPLICATE_METHOD_MATCH = YES;
				COPY_PHASE_STRIP = NO;
				DEBUG_INFORMATION_FORMAT = dwarf;
				ENABLE_STRICT_OBJC_MSGSEND = YES;
				ENABLE_TESTABILITY = YES;
				GCC_C_LANGUAGE_STANDARD = gnu11;
				GCC_DYNAMIC_NO_PIC = NO;
				GCC_NO_COMMON_BLOCKS = YES;
				GCC_OPTIMIZATION_LEVEL = 0;
				GCC_PREPROCESSOR_DEFINITIONS = (
					"DEBUG=1",
					"$(inherited)",
				);
				GCC_WARN_64_TO_32_BIT_CONVERSION = YES;
				GCC_WARN_ABOUT_RETURN_TYPE = YES_ERROR;
				GCC_WARN_UNDECLARED_SELECTOR = YES;
				GCC_WARN_UNINITIALIZED_AUTOS = YES_AGGRESSIVE;
				GCC_WARN_UNUSED_FUNCTION = YES;
				GCC_WARN_UNUSED_VARIABLE = YES;
				IPHONEOS_DEPLOYMENT_TARGET = 13.5;
				MTL_ENABLE_DEBUG_INFO = INCLUDE_SOURCE;
				MTL_FAST_MATH = YES;
				ONLY_ACTIVE_ARCH = YES;
				SDKROOT = iphoneos;
				SWIFT_ACTIVE_COMPILATION_CONDITIONS = DEBUG;
				SWIFT_OPTIMIZATION_LEVEL = "-Onone";
			};
			name = Debug;
		};
		31B3738024B672D400D1289C /* Release */ = {
			isa = XCBuildConfiguration;
			buildSettings = {
				ALWAYS_SEARCH_USER_PATHS = NO;
				CLANG_ANALYZER_NONNULL = YES;
				CLANG_ANALYZER_NUMBER_OBJECT_CONVERSION = YES_AGGRESSIVE;
				CLANG_CXX_LANGUAGE_STANDARD = "gnu++14";
				CLANG_CXX_LIBRARY = "libc++";
				CLANG_ENABLE_MODULES = YES;
				CLANG_ENABLE_OBJC_ARC = YES;
				CLANG_ENABLE_OBJC_WEAK = YES;
				CLANG_WARN_BLOCK_CAPTURE_AUTORELEASING = YES;
				CLANG_WARN_BOOL_CONVERSION = YES;
				CLANG_WARN_COMMA = YES;
				CLANG_WARN_CONSTANT_CONVERSION = YES;
				CLANG_WARN_DEPRECATED_OBJC_IMPLEMENTATIONS = YES;
				CLANG_WARN_DIRECT_OBJC_ISA_USAGE = YES_ERROR;
				CLANG_WARN_DOCUMENTATION_COMMENTS = YES;
				CLANG_WARN_EMPTY_BODY = YES;
				CLANG_WARN_ENUM_CONVERSION = YES;
				CLANG_WARN_INFINITE_RECURSION = YES;
				CLANG_WARN_INT_CONVERSION = YES;
				CLANG_WARN_NON_LITERAL_NULL_CONVERSION = YES;
				CLANG_WARN_OBJC_IMPLICIT_RETAIN_SELF = YES;
				CLANG_WARN_OBJC_LITERAL_CONVERSION = YES;
				CLANG_WARN_OBJC_ROOT_CLASS = YES_ERROR;
				CLANG_WARN_RANGE_LOOP_ANALYSIS = YES;
				CLANG_WARN_STRICT_PROTOTYPES = YES;
				CLANG_WARN_SUSPICIOUS_MOVE = YES;
				CLANG_WARN_UNGUARDED_AVAILABILITY = YES_AGGRESSIVE;
				CLANG_WARN_UNREACHABLE_CODE = YES;
				CLANG_WARN__DUPLICATE_METHOD_MATCH = YES;
				COPY_PHASE_STRIP = NO;
				DEBUG_INFORMATION_FORMAT = "dwarf-with-dsym";
				ENABLE_NS_ASSERTIONS = NO;
				ENABLE_STRICT_OBJC_MSGSEND = YES;
				GCC_C_LANGUAGE_STANDARD = gnu11;
				GCC_NO_COMMON_BLOCKS = YES;
				GCC_WARN_64_TO_32_BIT_CONVERSION = YES;
				GCC_WARN_ABOUT_RETURN_TYPE = YES_ERROR;
				GCC_WARN_UNDECLARED_SELECTOR = YES;
				GCC_WARN_UNINITIALIZED_AUTOS = YES_AGGRESSIVE;
				GCC_WARN_UNUSED_FUNCTION = YES;
				GCC_WARN_UNUSED_VARIABLE = YES;
				IPHONEOS_DEPLOYMENT_TARGET = 13.5;
				MTL_ENABLE_DEBUG_INFO = NO;
				MTL_FAST_MATH = YES;
				SDKROOT = iphoneos;
				SWIFT_COMPILATION_MODE = wholemodule;
				SWIFT_OPTIMIZATION_LEVEL = "-O";
				VALIDATE_PRODUCT = YES;
			};
			name = Release;
		};
		31B3738224B672D400D1289C /* Debug */ = {
			isa = XCBuildConfiguration;
			buildSettings = {
				ASSETCATALOG_COMPILER_APPICON_NAME = AppIcon;
				CODE_SIGN_STYLE = Automatic;
				DEVELOPMENT_ASSET_PATHS = "\"WahooCompare/Preview Content\"";
				DEVELOPMENT_TEAM = XU5AWAYW87;
				ENABLE_PREVIEWS = YES;
				INFOPLIST_FILE = WahooCompare/Info.plist;
				LD_RUNPATH_SEARCH_PATHS = (
					"$(inherited)",
					"@executable_path/Frameworks",
				);
				PRODUCT_BUNDLE_IDENTIFIER = JHM.WahooCompare;
				PRODUCT_NAME = "$(TARGET_NAME)";
				SWIFT_VERSION = 5.0;
				TARGETED_DEVICE_FAMILY = "1,2";
			};
			name = Debug;
		};
		31B3738324B672D400D1289C /* Release */ = {
			isa = XCBuildConfiguration;
			buildSettings = {
				ASSETCATALOG_COMPILER_APPICON_NAME = AppIcon;
				CODE_SIGN_STYLE = Automatic;
				DEVELOPMENT_ASSET_PATHS = "\"WahooCompare/Preview Content\"";
				DEVELOPMENT_TEAM = XU5AWAYW87;
				ENABLE_PREVIEWS = YES;
				INFOPLIST_FILE = WahooCompare/Info.plist;
				LD_RUNPATH_SEARCH_PATHS = (
					"$(inherited)",
					"@executable_path/Frameworks",
				);
				PRODUCT_BUNDLE_IDENTIFIER = JHM.WahooCompare;
				PRODUCT_NAME = "$(TARGET_NAME)";
				SWIFT_VERSION = 5.0;
				TARGETED_DEVICE_FAMILY = "1,2";
			};
			name = Release;
		};
/* End XCBuildConfiguration section */

/* Begin XCConfigurationList section */
		31B3736824B672D200D1289C /* Build configuration list for PBXProject "WahooCompare" */ = {
			isa = XCConfigurationList;
			buildConfigurations = (
				31B3737F24B672D400D1289C /* Debug */,
				31B3738024B672D400D1289C /* Release */,
			);
			defaultConfigurationIsVisible = 0;
			defaultConfigurationName = Release;
		};
		31B3738124B672D400D1289C /* Build configuration list for PBXNativeTarget "WahooCompare" */ = {
			isa = XCConfigurationList;
			buildConfigurations = (
				31B3738224B672D400D1289C /* Debug */,
				31B3738324B672D400D1289C /* Release */,
			);
			defaultConfigurationIsVisible = 0;
			defaultConfigurationName = Release;
		};
/* End XCConfigurationList section */
	};
	rootObject = 31B3736524B672D200D1289C /* Project object */;
}
